
Microsoft Visual Studio Solution File, Format Version 12.00
# Visual Studio Version 16
VisualStudioVersion = 25.0.1704.4
MinimumVisualStudioVersion = 10.0.40219.1
Project("{FAE04EC0-301F-11D3-BF4B-00C04F79EFBC}") = "cs-CodeMaster", "cs-CodeMaster.csproj", "{B917973C-F2B9-450B-ABCF-70B4B425F130}"
EndProject
Global
	GlobalSection(SolutionConfigurationPlatforms) = preSolution
		Debug|Any CPU = Debug|Any CPU
		Release|Any CPU = Release|Any CPU
	EndGlobalSection
	GlobalSection(ProjectConfigurationPlatforms) = postSolution
		{B917973C-F2B9-450B-ABCF-70B4B425F130}.Debug|Any CPU.ActiveCfg = Debug|Any CPU
		{B917973C-F2B9-450B-ABCF-70B4B425F130}.Debug|Any CPU.Build.0 = Debug|Any CPU
		{B917973C-F2B9-450B-ABCF-70B4B425F130}.Release|Any CPU.ActiveCfg = Release|Any CPU
		{B917973C-F2B9-450B-ABCF-70B4B425F130}.Release|Any CPU.Build.0 = Release|Any CPU
	EndGlobalSection
	GlobalSection(SolutionProperties) = preSolution
		HideSolutionNode = FALSE
	EndGlobalSection
	GlobalSection(ExtensibilityGlobals) = postSolution
		SolutionGuid = {44C0162A-3AED-4482-8B6D-1F325258CD8B}
	EndGlobalSection
EndGlobal
